
Microsoft Visual Studio Solution File, Format Version 12.00
# Visual Studio 2013
VisualStudioVersion = 12.0.31101.0
MinimumVisualStudioVersion = 10.0.40219.1
Project("{FAE04EC0-301F-11D3-BF4B-00C04F79EFBC}") = "EmployeeRateSystem", "EmployeeRateSystem\EmployeeRateSystem.csproj", "{3B2AF590-D32E-4E7C-BEAD-167BE4A35639}"
EndProject
Project("{2150E333-8FDC-42A3-9474-1A3956D46DE8}") = "PublishScripts", "PublishScripts", "{3B27BA57-A33C-4F75-B5C0-6D9EE4B5995E}"
	ProjectSection(SolutionItems) = preProject
		PublishScripts\AzureWebsitePublishModule.psm1 = PublishScripts\AzureWebsitePublishModule.psm1
		PublishScripts\Publish-WebApplicationWebsite.ps1 = PublishScripts\Publish-WebApplicationWebsite.ps1
	EndProjectSection
EndProject
Project("{2150E333-8FDC-42A3-9474-1A3956D46DE8}") = "Configurations", "Configurations", "{BD36EE39-C03C-4F13-9449-E59974F35921}"
	ProjectSection(SolutionItems) = preProject
		PublishScripts\Configurations\EmployeeRateSystem-WAWS-dev.json = PublishScripts\Configurations\EmployeeRateSystem-WAWS-dev.json
	EndProjectSection
EndProject
Project("{2150E333-8FDC-42A3-9474-1A3956D46DE8}") = ".nuget", ".nuget", "{E6BFBBAA-20F4-4A4A-8C7C-A2068CDB3554}"
	ProjectSection(SolutionItems) = preProject
		.nuget\packages.config = .nuget\packages.config
	EndProjectSection
EndProject
Global
	GlobalSection(SolutionConfigurationPlatforms) = preSolution
		Debug|Any CPU = Debug|Any CPU
		Release|Any CPU = Release|Any CPU
	EndGlobalSection
	GlobalSection(ProjectConfigurationPlatforms) = postSolution
		{3B2AF590-D32E-4E7C-BEAD-167BE4A35639}.Debug|Any CPU.ActiveCfg = Debug|Any CPU
		{3B2AF590-D32E-4E7C-BEAD-167BE4A35639}.Debug|Any CPU.Build.0 = Debug|Any CPU
		{3B2AF590-D32E-4E7C-BEAD-167BE4A35639}.Release|Any CPU.ActiveCfg = Release|Any CPU
		{3B2AF590-D32E-4E7C-BEAD-167BE4A35639}.Release|Any CPU.Build.0 = Release|Any CPU
	EndGlobalSection
	GlobalSection(SolutionProperties) = preSolution
		HideSolutionNode = FALSE
	EndGlobalSection
	GlobalSection(NestedProjects) = preSolution
		{BD36EE39-C03C-4F13-9449-E59974F35921} = {3B27BA57-A33C-4F75-B5C0-6D9EE4B5995E}
	EndGlobalSection
EndGlobal
